convert:
  cmd: python -m spacy run convert
  script:
    - python scripts/convert.py en assets/UC2_train_prodigy.jsonl corpus/train.spacy
    - python scripts/convert.py en assets/UC2_eval_prodigy.jsonl corpus/dev.spacy
  deps:
    - path: assets/UC2_train_prodigy.jsonl
      md5: 3ae9f89f2719e45d4e4dacedfff9a0b1
    - path: assets/UC2_eval_prodigy.jsonl
      md5: 1d2b7c5cd921182cf3b3c4561ec309e2
    - path: scripts/convert.py
      md5: 472f526a81d2288e426c9161c0e7819c
  outs:
    - path: corpus/train.spacy
      md5: a89c992a999b548776c6f65f0a437c63
    - path: corpus/dev.spacy
      md5: 35869d9c6e0d640a7ccaae252cc3c04a
  spacy_version: 3.1.1
  spacy_git_version: ffaead8fe
train:
  cmd: python -m spacy run train
  script:
    - python -m spacy train configs/config.cfg --output training/ --paths.train corpus/train.spacy
      --paths.dev corpus/dev.spacy --nlp.lang en --gpu-id -1
  deps:
    - path: configs/config.cfg
      md5: 34fc63a8d3dfd0064cc12898fa906d1b
    - path: corpus/train.spacy
      md5: a89c992a999b548776c6f65f0a437c63
    - path: corpus/dev.spacy
      md5: 35869d9c6e0d640a7ccaae252cc3c04a
  outs:
    - path: training/model-best
      md5: 3ec342406c443931dd3e87a31e9ac3a3
  spacy_version: 3.1.1
  spacy_git_version: ffaead8fe
evaluate:
  cmd: python -m spacy run evaluate
  script:
    - python -m spacy evaluate training/model-best corpus/dev.spacy --output training/metrics.json
  deps:
    - path: corpus/dev.spacy
      md5: 35869d9c6e0d640a7ccaae252cc3c04a
    - path: training/model-best
      md5: 3ec342406c443931dd3e87a31e9ac3a3
  outs:
    - path: training/metrics.json
      md5: 570e1adab22bec115e1e3889027ae6d4
  spacy_version: 3.1.1
  spacy_git_version: ffaead8fe
package:
  cmd: python -m spacy run package
  script:
    - python -m spacy package training/model-best packages --name textcat_UC2 --version
      0.0.0 --force
  deps:
    - path: training/model-best
      md5: 3ec342406c443931dd3e87a31e9ac3a3
  outs:
    - path: packages/en_textcat_UC2-0.0.0/dist/en_textcat_UC2-0.0.0.tar.gz
      md5: 3898eddb6d333b87115741a94812ccd8
  spacy_version: 3.1.1
  spacy_git_version: ffaead8fe
