convert:
  cmd: python -m spacy run convert
  script:
    - python scripts/convert.py en assets/UC2_train_prodigy.jsonl corpus/train.spacy
    - python scripts/convert.py en assets/UC2_eval_prodigy.jsonl corpus/dev.spacy
  deps:
    - path: assets/UC2_train_prodigy.jsonl
      md5: c3a007db6aa0d9a1e0e52a8ddfbf932c
    - path: assets/UC2_eval_prodigy.jsonl
      md5: ed87bf33ac1cb86004a9d94f8bd34669
    - path: scripts/convert.py
      md5: 472f526a81d2288e426c9161c0e7819c
  outs:
    - path: corpus/train.spacy
      md5: c9b6692bd09f858b0b6659f377eab5ce
    - path: corpus/dev.spacy
      md5: de61bc79e456bdd6bf4fcebebc261c9e
  spacy_version: 3.1.1
  spacy_git_version: ffaead8fe
train:
  cmd: python -m spacy run train
  script:
    - python -m spacy train configs/config.cfg --output training/ --paths.train corpus/train.spacy
      --paths.dev corpus/dev.spacy --nlp.lang en --gpu-id -1
  deps:
    - path: configs/config.cfg
      md5: 34fc63a8d3dfd0064cc12898fa906d1b
    - path: corpus/train.spacy
      md5: c9b6692bd09f858b0b6659f377eab5ce
    - path: corpus/dev.spacy
      md5: de61bc79e456bdd6bf4fcebebc261c9e
  outs:
    - path: training/model-best
      md5: 455f14ab0cab101f3b5a8a15406bb774
  spacy_version: 3.1.1
  spacy_git_version: ffaead8fe
evaluate:
  cmd: python -m spacy run evaluate
  script:
    - python -m spacy evaluate training/model-best corpus/dev.spacy --output training/metrics.json
  deps:
    - path: corpus/dev.spacy
      md5: de61bc79e456bdd6bf4fcebebc261c9e
    - path: training/model-best
      md5: 455f14ab0cab101f3b5a8a15406bb774
  outs:
    - path: training/metrics.json
      md5: 806376ede5f02705e21abeea1a32f9fd
  spacy_version: 3.1.1
  spacy_git_version: ffaead8fe
package:
  cmd: python -m spacy run package
  script:
    - python -m spacy package training/model-best packages --name textcat_UC2 --version
      0.0.0 --force
  deps:
    - path: training/model-best
      md5: 455f14ab0cab101f3b5a8a15406bb774
  outs:
    - path: packages/en_textcat_UC2-0.0.0/dist/en_textcat_UC2-0.0.0.tar.gz
      md5: 8812b99312e960e98d5487997102947d
  spacy_version: 3.1.1
  spacy_git_version: ffaead8fe
